
Microsoft Visual Studio Solution File, Format Version 12.00
# Visual Studio Version 17
VisualStudioVersion = 17.13.35931.197
MinimumVisualStudioVersion = 10.0.40219.1
Project("{2150E333-8FDC-42A3-9474-1A3956D46DE8}") = "Source", "Source", "{02EA681E-C7D8-13C7-8484-4AC65E1B71E8}"
EndProject
Project("{2150E333-8FDC-42A3-9474-1A3956D46DE8}") = "Solution Items", "Solution Items", "{8EC462FD-D22E-90A8-E5CE-7E832BA40C5D}"
	ProjectSection(SolutionItems) = preProject
		.editorconfig = .editorconfig
		README.md = README.md
	EndProjectSection
EndProject
Project("{54A90642-561A-4BB1-A94E-469ADEE60C69}") = "connectied.client", "Source\connectied.client\connectied.client.esproj", "{A67C0023-87EC-C1DE-C688-24E543363BA3}"
EndProject
Project("{FAE04EC0-301F-11D3-BF4B-00C04F79EFBC}") = "Connectied.Server", "Source\Connectied.Server\Connectied.Server.csproj", "{DFEAE063-A4BF-67E8-701F-FD7FB8DC242A}"
EndProject
Project("{FAE04EC0-301F-11D3-BF4B-00C04F79EFBC}") = "Connectied.Domain", "Source\Connectied.Domain\Connectied.Domain.csproj", "{69247E98-71BF-40E7-852E-AD526E7E3A0F}"
EndProject
Project("{FAE04EC0-301F-11D3-BF4B-00C04F79EFBC}") = "Connectied.Application", "Source\Connectied.Application\Connectied.Application.csproj", "{ABFC4E90-C623-4CE1-9001-E1AC7FB1F34C}"
EndProject
Project("{FAE04EC0-301F-11D3-BF4B-00C04F79EFBC}") = "Connectied.Infrastructure", "Source\Connectied.Infrastructure\Connectied.Infrastructure.csproj", "{3CFA274A-BD66-C000-26DF-C1AAFE122B13}"
EndProject
Global
	GlobalSection(SolutionConfigurationPlatforms) = preSolution
		Debug|Any CPU = Debug|Any CPU
		Release|Any CPU = Release|Any CPU
	EndGlobalSection
	GlobalSection(ProjectConfigurationPlatforms) = postSolution
		{A67C0023-87EC-C1DE-C688-24E543363BA3}.Debug|Any CPU.ActiveCfg = Debug|Any CPU
		{A67C0023-87EC-C1DE-C688-24E543363BA3}.Debug|Any CPU.Build.0 = Debug|Any CPU
		{A67C0023-87EC-C1DE-C688-24E543363BA3}.Debug|Any CPU.Deploy.0 = Debug|Any CPU
		{A67C0023-87EC-C1DE-C688-24E543363BA3}.Release|Any CPU.ActiveCfg = Release|Any CPU
		{A67C0023-87EC-C1DE-C688-24E543363BA3}.Release|Any CPU.Build.0 = Release|Any CPU
		{A67C0023-87EC-C1DE-C688-24E543363BA3}.Release|Any CPU.Deploy.0 = Release|Any CPU
		{DFEAE063-A4BF-67E8-701F-FD7FB8DC242A}.Debug|Any CPU.ActiveCfg = Debug|Any CPU
		{DFEAE063-A4BF-67E8-701F-FD7FB8DC242A}.Debug|Any CPU.Build.0 = Debug|Any CPU
		{DFEAE063-A4BF-67E8-701F-FD7FB8DC242A}.Release|Any CPU.ActiveCfg = Release|Any CPU
		{DFEAE063-A4BF-67E8-701F-FD7FB8DC242A}.Release|Any CPU.Build.0 = Release|Any CPU
		{69247E98-71BF-40E7-852E-AD526E7E3A0F}.Debug|Any CPU.ActiveCfg = Debug|Any CPU
		{69247E98-71BF-40E7-852E-AD526E7E3A0F}.Debug|Any CPU.Build.0 = Debug|Any CPU
		{69247E98-71BF-40E7-852E-AD526E7E3A0F}.Release|Any CPU.ActiveCfg = Release|Any CPU
		{69247E98-71BF-40E7-852E-AD526E7E3A0F}.Release|Any CPU.Build.0 = Release|Any CPU
		{ABFC4E90-C623-4CE1-9001-E1AC7FB1F34C}.Debug|Any CPU.ActiveCfg = Debug|Any CPU
		{ABFC4E90-C623-4CE1-9001-E1AC7FB1F34C}.Debug|Any CPU.Build.0 = Debug|Any CPU
		{ABFC4E90-C623-4CE1-9001-E1AC7FB1F34C}.Release|Any CPU.ActiveCfg = Release|Any CPU
		{ABFC4E90-C623-4CE1-9001-E1AC7FB1F34C}.Release|Any CPU.Build.0 = Release|Any CPU
		{3CFA274A-BD66-C000-26DF-C1AAFE122B13}.Debug|Any CPU.ActiveCfg = Debug|Any CPU
		{3CFA274A-BD66-C000-26DF-C1AAFE122B13}.Debug|Any CPU.Build.0 = Debug|Any CPU
		{3CFA274A-BD66-C000-26DF-C1AAFE122B13}.Release|Any CPU.ActiveCfg = Release|Any CPU
		{3CFA274A-BD66-C000-26DF-C1AAFE122B13}.Release|Any CPU.Build.0 = Release|Any CPU
	EndGlobalSection
	GlobalSection(SolutionProperties) = preSolution
		HideSolutionNode = FALSE
	EndGlobalSection
	GlobalSection(NestedProjects) = preSolution
		{A67C0023-87EC-C1DE-C688-24E543363BA3} = {02EA681E-C7D8-13C7-8484-4AC65E1B71E8}
		{DFEAE063-A4BF-67E8-701F-FD7FB8DC242A} = {02EA681E-C7D8-13C7-8484-4AC65E1B71E8}
		{69247E98-71BF-40E7-852E-AD526E7E3A0F} = {02EA681E-C7D8-13C7-8484-4AC65E1B71E8}
		{ABFC4E90-C623-4CE1-9001-E1AC7FB1F34C} = {02EA681E-C7D8-13C7-8484-4AC65E1B71E8}
		{3CFA274A-BD66-C000-26DF-C1AAFE122B13} = {02EA681E-C7D8-13C7-8484-4AC65E1B71E8}
	EndGlobalSection
	GlobalSection(ExtensibilityGlobals) = postSolution
		SolutionGuid = {7FA66CDF-98B8-4756-AC25-CB4C265B1009}
	EndGlobalSection
EndGlobal
